
Microsoft Visual Studio Solution File, Format Version 12.00
# Visual Studio 15
VisualStudioVersion = 15.0.28307.168
MinimumVisualStudioVersion = 10.0.40219.1
Project("{FAE04EC0-301F-11D3-BF4B-00C04F79EFBC}") = "NugetHelperWinForm", "NugetHelperWinForm.csproj", "{CE5CB76D-014F-426E-979E-44F561F5718A}"
EndProject
Project("{FAE04EC0-301F-11D3-BF4B-00C04F79EFBC}") = "AutoPublishNugetForNETCore", "AutoPublishNugetForNETCore\AutoPublishNugetForNETCore.csproj", "{7F31461F-ECC0-4FF8-8D68-0BE9C139FF9B}"
EndProject
Global
	GlobalSection(SolutionConfigurationPlatforms) = preSolution
		Debug|Any CPU = Debug|Any CPU
		Release|Any CPU = Release|Any CPU
	EndGlobalSection
	GlobalSection(ProjectConfigurationPlatforms) = postSolution
		{CE5CB76D-014F-426E-979E-44F561F5718A}.Debug|Any CPU.ActiveCfg = Debug|Any CPU
		{CE5CB76D-014F-426E-979E-44F561F5718A}.Debug|Any CPU.Build.0 = Debug|Any CPU
		{CE5CB76D-014F-426E-979E-44F561F5718A}.Release|Any CPU.ActiveCfg = Release|Any CPU
		{CE5CB76D-014F-426E-979E-44F561F5718A}.Release|Any CPU.Build.0 = Release|Any CPU
		{7F31461F-ECC0-4FF8-8D68-0BE9C139FF9B}.Debug|Any CPU.ActiveCfg = Debug|Any CPU
		{7F31461F-ECC0-4FF8-8D68-0BE9C139FF9B}.Debug|Any CPU.Build.0 = Debug|Any CPU
		{7F31461F-ECC0-4FF8-8D68-0BE9C139FF9B}.Release|Any CPU.ActiveCfg = Release|Any CPU
		{7F31461F-ECC0-4FF8-8D68-0BE9C139FF9B}.Release|Any CPU.Build.0 = Release|Any CPU
	EndGlobalSection
	GlobalSection(SolutionProperties) = preSolution
		HideSolutionNode = FALSE
	EndGlobalSection
	GlobalSection(ExtensibilityGlobals) = postSolution
		SolutionGuid = {5B1F202E-662A-4058-9368-0FF2BAC0D487}
	EndGlobalSection
EndGlobal
